
Microsoft Visual Studio Solution File, Format Version 12.00
# Visual Studio 15
VisualStudioVersion = 15.0.27130.2027
MinimumVisualStudioVersion = 10.0.40219.1
Project("{FAE04EC0-301F-11D3-BF4B-00C04F79EFBC}") = "ClientRateLimiter", "ClientRateLimiter\ClientRateLimiter.csproj", "{B094FFAB-8550-4FB8-B0AB-5367FF24F2A9}"
EndProject
Project("{FAE04EC0-301F-11D3-BF4B-00C04F79EFBC}") = "ClientRateLimiter.Tests", "ClientRateLimiter.Tests\ClientRateLimiter.Tests.csproj", "{D657C8D5-81BA-45E9-9111-76B48D8B6AC9}"
EndProject
Global
	GlobalSection(SolutionConfigurationPlatforms) = preSolution
		Debug|Any CPU = Debug|Any CPU
		Release|Any CPU = Release|Any CPU
	EndGlobalSection
	GlobalSection(ProjectConfigurationPlatforms) = postSolution
		{B094FFAB-8550-4FB8-B0AB-5367FF24F2A9}.Debug|Any CPU.ActiveCfg = Debug|Any CPU
		{B094FFAB-8550-4FB8-B0AB-5367FF24F2A9}.Debug|Any CPU.Build.0 = Debug|Any CPU
		{B094FFAB-8550-4FB8-B0AB-5367FF24F2A9}.Release|Any CPU.ActiveCfg = Release|Any CPU
		{B094FFAB-8550-4FB8-B0AB-5367FF24F2A9}.Release|Any CPU.Build.0 = Release|Any CPU
		{D657C8D5-81BA-45E9-9111-76B48D8B6AC9}.Debug|Any CPU.ActiveCfg = Debug|Any CPU
		{D657C8D5-81BA-45E9-9111-76B48D8B6AC9}.Debug|Any CPU.Build.0 = Debug|Any CPU
		{D657C8D5-81BA-45E9-9111-76B48D8B6AC9}.Release|Any CPU.ActiveCfg = Release|Any CPU
		{D657C8D5-81BA-45E9-9111-76B48D8B6AC9}.Release|Any CPU.Build.0 = Release|Any CPU
	EndGlobalSection
	GlobalSection(SolutionProperties) = preSolution
		HideSolutionNode = FALSE
	EndGlobalSection
	GlobalSection(ExtensibilityGlobals) = postSolution
		SolutionGuid = {329E83CA-C669-4BA1-8A24-F923B07D182E}
	EndGlobalSection
EndGlobal
